
Microsoft Visual Studio Solution File, Format Version 12.00
# Visual Studio Version 17
VisualStudioVersion = 17.13.35919.96 d17.13
MinimumVisualStudioVersion = 10.0.40219.1
Project("{FAE04EC0-301F-11D3-BF4B-00C04F79EFBC}") = "InventoryWeb", "InventoryWeb\InventoryWeb.csproj", "{5B80A192-098C-43BA-881A-0FB12E732C37}"
EndProject
Global
	GlobalSection(SolutionConfigurationPlatforms) = preSolution
		Debug|Any CPU = Debug|Any CPU
		Release|Any CPU = Release|Any CPU
	EndGlobalSection
	GlobalSection(ProjectConfigurationPlatforms) = postSolution
		{5B80A192-098C-43BA-881A-0FB12E732C37}.Debug|Any CPU.ActiveCfg = Debug|Any CPU
		{5B80A192-098C-43BA-881A-0FB12E732C37}.Debug|Any CPU.Build.0 = Debug|Any CPU
		{5B80A192-098C-43BA-881A-0FB12E732C37}.Release|Any CPU.ActiveCfg = Release|Any CPU
		{5B80A192-098C-43BA-881A-0FB12E732C37}.Release|Any CPU.Build.0 = Release|Any CPU
	EndGlobalSection
	GlobalSection(SolutionProperties) = preSolution
		HideSolutionNode = FALSE
	EndGlobalSection
	GlobalSection(ExtensibilityGlobals) = postSolution
		SolutionGuid = {FA763295-8BB8-4D28-AEC0-530F2B8E6F26}
	EndGlobalSection
EndGlobal
